
Microsoft Visual Studio Solution File, Format Version 12.00
# Visual Studio 15
VisualStudioVersion = 15.0.28307.421
MinimumVisualStudioVersion = 10.0.40219.1
Project("{FAE04EC0-301F-11D3-BF4B-00C04F79EFBC}") = "UI", "UI\UI.csproj", "{79CBCE28-CB18-4A51-9190-09966FC04FCF}"
EndProject
Project("{FAE04EC0-301F-11D3-BF4B-00C04F79EFBC}") = "ClassLibrary", "ClassLibrary\ClassLibrary.csproj", "{FE39F19D-74AE-4C4B-BBC9-7D252653018B}"
EndProject
Global
	GlobalSection(SolutionConfigurationPlatforms) = preSolution
		Debug|Any CPU = Debug|Any CPU
		Debug|ARM = Debug|ARM
		Debug|ARM64 = Debug|ARM64
		Debug|x64 = Debug|x64
		Debug|x86 = Debug|x86
		Release|Any CPU = Release|Any CPU
		Release|ARM = Release|ARM
		Release|ARM64 = Release|ARM64
		Release|x64 = Release|x64
		Release|x86 = Release|x86
	EndGlobalSection
	GlobalSection(ProjectConfigurationPlatforms) = postSolution
		{79CBCE28-CB18-4A51-9190-09966FC04FCF}.Debug|Any CPU.ActiveCfg = Debug|Any CPU
		{79CBCE28-CB18-4A51-9190-09966FC04FCF}.Debug|Any CPU.Build.0 = Debug|Any CPU
		{79CBCE28-CB18-4A51-9190-09966FC04FCF}.Debug|ARM.ActiveCfg = Debug|Any CPU
		{79CBCE28-CB18-4A51-9190-09966FC04FCF}.Debug|ARM.Build.0 = Debug|Any CPU
		{79CBCE28-CB18-4A51-9190-09966FC04FCF}.Debug|ARM64.ActiveCfg = Debug|Any CPU
		{79CBCE28-CB18-4A51-9190-09966FC04FCF}.Debug|ARM64.Build.0 = Debug|Any CPU
		{79CBCE28-CB18-4A51-9190-09966FC04FCF}.Debug|x64.ActiveCfg = Debug|Any CPU
		{79CBCE28-CB18-4A51-9190-09966FC04FCF}.Debug|x64.Build.0 = Debug|Any CPU
		{79CBCE28-CB18-4A51-9190-09966FC04FCF}.Debug|x86.ActiveCfg = Debug|Any CPU
		{79CBCE28-CB18-4A51-9190-09966FC04FCF}.Debug|x86.Build.0 = Debug|Any CPU
		{79CBCE28-CB18-4A51-9190-09966FC04FCF}.Release|Any CPU.ActiveCfg = Release|Any CPU
		{79CBCE28-CB18-4A51-9190-09966FC04FCF}.Release|Any CPU.Build.0 = Release|Any CPU
		{79CBCE28-CB18-4A51-9190-09966FC04FCF}.Release|ARM.ActiveCfg = Release|Any CPU
		{79CBCE28-CB18-4A51-9190-09966FC04FCF}.Release|ARM.Build.0 = Release|Any CPU
		{79CBCE28-CB18-4A51-9190-09966FC04FCF}.Release|ARM64.ActiveCfg = Release|Any CPU
		{79CBCE28-CB18-4A51-9190-09966FC04FCF}.Release|ARM64.Build.0 = Release|Any CPU
		{79CBCE28-CB18-4A51-9190-09966FC04FCF}.Release|x64.ActiveCfg = Release|Any CPU
		{79CBCE28-CB18-4A51-9190-09966FC04FCF}.Release|x64.Build.0 = Release|Any CPU
		{79CBCE28-CB18-4A51-9190-09966FC04FCF}.Release|x86.ActiveCfg = Release|Any CPU
		{79CBCE28-CB18-4A51-9190-09966FC04FCF}.Release|x86.Build.0 = Release|Any CPU
		{FE39F19D-74AE-4C4B-BBC9-7D252653018B}.Debug|Any CPU.ActiveCfg = Debug|Any CPU
		{FE39F19D-74AE-4C4B-BBC9-7D252653018B}.Debug|Any CPU.Build.0 = Debug|Any CPU
		{FE39F19D-74AE-4C4B-BBC9-7D252653018B}.Debug|ARM.ActiveCfg = Debug|Any CPU
		{FE39F19D-74AE-4C4B-BBC9-7D252653018B}.Debug|ARM.Build.0 = Debug|Any CPU
		{FE39F19D-74AE-4C4B-BBC9-7D252653018B}.Debug|ARM64.ActiveCfg = Debug|Any CPU
		{FE39F19D-74AE-4C4B-BBC9-7D252653018B}.Debug|ARM64.Build.0 = Debug|Any CPU
		{FE39F19D-74AE-4C4B-BBC9-7D252653018B}.Debug|x64.ActiveCfg = Debug|Any CPU
		{FE39F19D-74AE-4C4B-BBC9-7D252653018B}.Debug|x64.Build.0 = Debug|Any CPU
		{FE39F19D-74AE-4C4B-BBC9-7D252653018B}.Debug|x86.ActiveCfg = Debug|Any CPU
		{FE39F19D-74AE-4C4B-BBC9-7D252653018B}.Debug|x86.Build.0 = Debug|Any CPU
		{FE39F19D-74AE-4C4B-BBC9-7D252653018B}.Release|Any CPU.ActiveCfg = Release|Any CPU
		{FE39F19D-74AE-4C4B-BBC9-7D252653018B}.Release|Any CPU.Build.0 = Release|Any CPU
		{FE39F19D-74AE-4C4B-BBC9-7D252653018B}.Release|ARM.ActiveCfg = Release|Any CPU
		{FE39F19D-74AE-4C4B-BBC9-7D252653018B}.Release|ARM.Build.0 = Release|Any CPU
		{FE39F19D-74AE-4C4B-BBC9-7D252653018B}.Release|ARM64.ActiveCfg = Release|Any CPU
		{FE39F19D-74AE-4C4B-BBC9-7D252653018B}.Release|ARM64.Build.0 = Release|Any CPU
		{FE39F19D-74AE-4C4B-BBC9-7D252653018B}.Release|x64.ActiveCfg = Release|Any CPU
		{FE39F19D-74AE-4C4B-BBC9-7D252653018B}.Release|x64.Build.0 = Release|Any CPU
		{FE39F19D-74AE-4C4B-BBC9-7D252653018B}.Release|x86.ActiveCfg = Release|Any CPU
		{FE39F19D-74AE-4C4B-BBC9-7D252653018B}.Release|x86.Build.0 = Release|Any CPU
	EndGlobalSection
	GlobalSection(SolutionProperties) = preSolution
		HideSolutionNode = FALSE
	EndGlobalSection
	GlobalSection(ExtensibilityGlobals) = postSolution
		SolutionGuid = {AC095E19-FDDB-44ED-B682-F3804B2E252F}
	EndGlobalSection
EndGlobal
